
Microsoft Visual Studio Solution File, Format Version 12.00
# Visual Studio 15
VisualStudioVersion = 15.0.28010.2041
MinimumVisualStudioVersion = 10.0.40219.1
Project("{8BC9CEB8-8B4A-11D0-8D11-00A0C91BC942}") = "Create", "Create\Create.vcxproj", "{DF4F1925-F91A-4F26-9F5D-62ADD1D6E23A}"
EndProject
Global
	GlobalSection(SolutionConfigurationPlatforms) = preSolution
		Debug|x64 = Debug|x64
		Debug|x86 = Debug|x86
		Release|x64 = Release|x64
		Release|x86 = Release|x86
	EndGlobalSection
	GlobalSection(ProjectConfigurationPlatforms) = postSolution
		{DF4F1925-F91A-4F26-9F5D-62ADD1D6E23A}.Debug|x64.ActiveCfg = Debug|x64
		{DF4F1925-F91A-4F26-9F5D-62ADD1D6E23A}.Debug|x64.Build.0 = Debug|x64
		{DF4F1925-F91A-4F26-9F5D-62ADD1D6E23A}.Debug|x86.ActiveCfg = Debug|Win32
		{DF4F1925-F91A-4F26-9F5D-62ADD1D6E23A}.Debug|x86.Build.0 = Debug|Win32
		{DF4F1925-F91A-4F26-9F5D-62ADD1D6E23A}.Release|x64.ActiveCfg = Release|x64
		{DF4F1925-F91A-4F26-9F5D-62ADD1D6E23A}.Release|x64.Build.0 = Release|x64
		{DF4F1925-F91A-4F26-9F5D-62ADD1D6E23A}.Release|x86.ActiveCfg = Release|Win32
		{DF4F1925-F91A-4F26-9F5D-62ADD1D6E23A}.Release|x86.Build.0 = Release|Win32
	EndGlobalSection
	GlobalSection(SolutionProperties) = preSolution
		HideSolutionNode = FALSE
	EndGlobalSection
	GlobalSection(ExtensibilityGlobals) = postSolution
		SolutionGuid = {E163F319-1901-47EE-A4C2-B6D96B4DD65E}
	EndGlobalSection
EndGlobal
